
Microsoft Visual Studio Solution File, Format Version 12.00
# Visual Studio Version 16
VisualStudioVersion = 16.0.30011.22
MinimumVisualStudioVersion = 10.0.40219.1
Project("{FAE04EC0-301F-11D3-BF4B-00C04F79EFBC}") = "AngularWebApp", "AngularWebApp.csproj", "{15406D9A-85DD-4D89-84B6-BEE4C778AC1F}"
EndProject
Global
	GlobalSection(SolutionConfigurationPlatforms) = preSolution
		Debug|Any CPU = Debug|Any CPU
		Release|Any CPU = Release|Any CPU
	EndGlobalSection
	GlobalSection(ProjectConfigurationPlatforms) = postSolution
		{15406D9A-85DD-4D89-84B6-BEE4C778AC1F}.Debug|Any CPU.ActiveCfg = Debug|Any CPU
		{15406D9A-85DD-4D89-84B6-BEE4C778AC1F}.Debug|Any CPU.Build.0 = Debug|Any CPU
		{15406D9A-85DD-4D89-84B6-BEE4C778AC1F}.Release|Any CPU.ActiveCfg = Release|Any CPU
		{15406D9A-85DD-4D89-84B6-BEE4C778AC1F}.Release|Any CPU.Build.0 = Release|Any CPU
	EndGlobalSection
	GlobalSection(SolutionProperties) = preSolution
		HideSolutionNode = FALSE
	EndGlobalSection
	GlobalSection(ExtensibilityGlobals) = postSolution
		SolutionGuid = {0CED18FB-A235-4E44-9470-00B91761363E}
	EndGlobalSection
EndGlobal
